{
  "name": "moneyloop",
  "requires": true,
  "lockfileVersion": 1,
  "dependencies": {
    "@sidemail/sdk-js": {
      "version": "0.1.3",
      "resolved": "https://registry.npmjs.org/@sidemail/sdk-js/-/sdk-js-0.1.3.tgz",
      "integrity": "sha512-R4y3BLDWrooouTllBytcEQr3VyVrqANqL9mokmEIFZDXVPvv/wEqgBhNWHemAxKJKm+sH8mydop6FtHzxMVNrQ==",
      "requires": {
        "node-fetch": "^2.3.0"
      }
    },
    "node-fetch": {
      "version": "2.6.0",
      "resolved": "https://registry.npmjs.org/node-fetch/-/node-fetch-2.6.0.tgz",
      "integrity": "sha512-8dG4H5ujfvFiqDmVu9fQ5bOHUC15JMjMY/Zumv26oOvvVJjM67KF8koCWIabKQ1GJIa9r2mMZscBq/TbdOcmNA=="
    }
  }
}
